// !$*UTF8*$!
{
	archiveVersion = 1;
	classes = {
	};
	objectVersion = 56;
	objects = {

/* Begin PBXBuildFile section */
		02265DDFCF7A02A6B5EA0008 /* APIClient.swift in Sources */ = {isa = PBXBuildFile; fileRef = A3A29B05F21FAE9A7E214ED7 /* APIClient.swift */; };
		03549190C1345FE299C32FC7 /* MockAPIClient.swift in Sources */ = {isa = PBXBuildFile; fileRef = 83FEAECA0FA114D2384E7DB3 /* MockAPIClient.swift */; };
		23A605942F159B2B005FDE95 /* Grounding_SunApp.swift in Sources */ = {isa = PBXBuildFile; fileRef = 23A605932F159B2B005FDE95 /* Grounding_SunApp.swift */; };
		23A605962F159B2B005FDE95 /* ContentView.swift in Sources */ = {isa = PBXBuildFile; fileRef = 23A605952F159B2B005FDE95 /* ContentView.swift */; };
		23A605982F159B2C005FDE95 /* Assets.xcassets in Resources */ = {isa = PBXBuildFile; fileRef = 23A605972F159B2C005FDE95 /* Assets.xcassets */; };
		23A6059C2F159B2C005FDE95 /* Preview Assets.xcassets in Resources */ = {isa = PBXBuildFile; fileRef = 23A6059B2F159B2C005FDE95 /* Preview Assets.xcassets */; };
		23A605A62F159B2D005FDE95 /* Grounding_SunTests.swift in Sources */ = {isa = PBXBuildFile; fileRef = 23A605A52F159B2D005FDE95 /* Grounding_SunTests.swift */; };
		23A605B02F159B2D005FDE95 /* Grounding_SunUITests.swift in Sources */ = {isa = PBXBuildFile; fileRef = 23A605AF2F159B2D005FDE95 /* Grounding_SunUITests.swift */; };
		23A605B22F159B2D005FDE95 /* Grounding_SunUITestsLaunchTests.swift in Sources */ = {isa = PBXBuildFile; fileRef = 23A605B12F159B2D005FDE95 /* Grounding_SunUITestsLaunchTests.swift */; };
		23A605BF2F1FEC03005FDE95 /* AffirmationStore.swift in Sources */ = {isa = PBXBuildFile; fileRef = 23A605BE2F1FEC03005FDE95 /* AffirmationStore.swift */; };
		23A605C12F1FEC48005FDE95 /* NotificationManager.swift in Sources */ = {isa = PBXBuildFile; fileRef = 23A605C02F1FEC48005FDE95 /* NotificationManager.swift */; };
		7152181C5021461EBC7DB732 /* AppTheme.swift in Sources */ = {isa = PBXBuildFile; fileRef = 6316D7379531667DA696E261 /* AppTheme.swift */; };
		CA3BF6F2C8EEDFF2E73FB375 /* ThemeManager.swift in Sources */ = {isa = PBXBuildFile; fileRef = 873734D5C3D29CE1D0E3FC3D /* ThemeManager.swift */; };
		CAE25C68B3CDA5F3E181EF61 /* APIModels.swift in Sources */ = {isa = PBXBuildFile; fileRef = CBD12566D569E53D8A6A9006 /* APIModels.swift */; };
		D1B97F42925F635F315E697E /* ProductionAPIClient.swift in Sources */ = {isa = PBXBuildFile; fileRef = 19657909A5C6828AF5C03003 /* ProductionAPIClient.swift */; };
/* End PBXBuildFile section */

/* Begin PBXContainerItemProxy section */
		23A605A22F159B2D005FDE95 /* PBXContainerItemProxy */ = {
			isa = PBXContainerItemProxy;
			containerPortal = 23A605882F159B2B005FDE95 /* Project object */;
			proxyType = 1;
			remoteGlobalIDString = 23A6058F2F159B2B005FDE95;
			remoteInfo = "Grounding Sun";
		};
		23A605AC2F159B2D005FDE95 /* PBXContainerItemProxy */ = {
			isa = PBXContainerItemProxy;
			containerPortal = 23A605882F159B2B005FDE95 /* Project object */;
			proxyType = 1;
			remoteGlobalIDString = 23A6058F2F159B2B005FDE95;
			remoteInfo = "Grounding Sun";
		};
/* End PBXContainerItemProxy section */

/* Begin PBXFileReference section */
		19657909A5C6828AF5C03003 /* ProductionAPIClient.swift */ = {isa = PBXFileReference; includeInIndex = 1; lastKnownFileType = sourcecode.swift; path = ProductionAPIClient.swift; sourceTree = "<group>"; };
		23A605902F159B2B005FDE95 /* Grounding Sun.app */ = {isa = PBXFileReference; explicitFileType = wrapper.application; includeInIndex = 0; path = "Grounding Sun.app"; sourceTree = BUILT_PRODUCTS_DIR; };
		23A605932F159B2B005FDE95 /* Grounding_SunApp.swift */ = {isa = PBXFileReference; lastKnownFileType = sourcecode.swift; path = Grounding_SunApp.swift; sourceTree = "<group>"; };
		23A605952F159B2B005FDE95 /* ContentView.swift */ = {isa = PBXFileReference; lastKnownFileType = sourcecode.swift; path = ContentView.swift; sourceTree = "<group>"; };
		23A605972F159B2C005FDE95 /* Assets.xcassets */ = {isa = PBXFileReference; lastKnownFileType = folder.assetcatalog; path = Assets.xcassets; sourceTree = "<group>"; };
		23A605992F159B2C005FDE95 /* Grounding_Sun.entitlements */ = {isa = PBXFileReference; lastKnownFileType = text.plist.entitlements; path = Grounding_Sun.entitlements; sourceTree = "<group>"; };
		23A6059B2F159B2C005FDE95 /* Preview Assets.xcassets */ = {isa = PBXFileReference; lastKnownFileType = folder.assetcatalog; path = "Preview Assets.xcassets"; sourceTree = "<group>"; };
		23A605A12F159B2D005FDE95 /* Grounding SunTests.xctest */ = {isa = PBXFileReference; explicitFileType = wrapper.cfbundle; includeInIndex = 0; path = "Grounding SunTests.xctest"; sourceTree = BUILT_PRODUCTS_DIR; };
		23A605A52F159B2D005FDE95 /* Grounding_SunTests.swift */ = {isa = PBXFileReference; lastKnownFileType = sourcecode.swift; path = Grounding_SunTests.swift; sourceTree = "<group>"; };
		23A605AB2F159B2D005FDE95 /* Grounding SunUITests.xctest */ = {isa = PBXFileReference; explicitFileType = wrapper.cfbundle; includeInIndex = 0; path = "Grounding SunUITests.xctest"; sourceTree = BUILT_PRODUCTS_DIR; };
		23A605AF2F159B2D005FDE95 /* Grounding_SunUITests.swift */ = {isa = PBXFileReference; lastKnownFileType = sourcecode.swift; path = Grounding_SunUITests.swift; sourceTree = "<group>"; };
		23A605B12F159B2D005FDE95 /* Grounding_SunUITestsLaunchTests.swift */ = {isa = PBXFileReference; lastKnownFileType = sourcecode.swift; path = Grounding_SunUITestsLaunchTests.swift; sourceTree = "<group>"; };
		23A605BE2F1FEC03005FDE95 /* AffirmationStore.swift */ = {isa = PBXFileReference; lastKnownFileType = sourcecode.swift; path = AffirmationStore.swift; sourceTree = "<group>"; };
		23A605C02F1FEC48005FDE95 /* NotificationManager.swift */ = {isa = PBXFileReference; lastKnownFileType = sourcecode.swift; path = NotificationManager.swift; sourceTree = "<group>"; };
		6316D7379531667DA696E261 /* AppTheme.swift */ = {isa = PBXFileReference; includeInIndex = 1; lastKnownFileType = sourcecode.swift; path = AppTheme.swift; sourceTree = "<group>"; };
		83FEAECA0FA114D2384E7DB3 /* MockAPIClient.swift */ = {isa = PBXFileReference; includeInIndex = 1; lastKnownFileType = sourcecode.swift; path = MockAPIClient.swift; sourceTree = "<group>"; };
		873734D5C3D29CE1D0E3FC3D /* ThemeManager.swift */ = {isa = PBXFileReference; includeInIndex = 1; lastKnownFileType = sourcecode.swift; path = ThemeManager.swift; sourceTree = "<group>"; };
		A3A29B05F21FAE9A7E214ED7 /* APIClient.swift */ = {isa = PBXFileReference; includeInIndex = 1; lastKnownFileType = sourcecode.swift; path = APIClient.swift; sourceTree = "<group>"; };
		CBD12566D569E53D8A6A9006 /* APIModels.swift */ = {isa = PBXFileReference; includeInIndex = 1; lastKnownFileType = sourcecode.swift; path = APIModels.swift; sourceTree = "<group>"; };
/* End PBXFileReference section */

/* Begin PBXFrameworksBuildPhase section */
		23A6058D2F159B2B005FDE95 /* Frameworks */ = {
			isa = PBXFrameworksBuildPhase;
			buildActionMask = 2147483647;
			files = (
			);
			runOnlyForDeploymentPostprocessing = 0;
		};
		23A6059E2F159B2D005FDE95 /* Frameworks */ = {
			isa = PBXFrameworksBuildPhase;
			buildActionMask = 2147483647;
			files = (
			);
			runOnlyForDeploymentPostprocessing = 0;
		};
		23A605A82F159B2D005FDE95 /* Frameworks */ = {
			isa = PBXFrameworksBuildPhase;
			buildActionMask = 2147483647;
			files = (
			);
			runOnlyForDeploymentPostprocessing = 0;
		};
/* End PBXFrameworksBuildPhase section */

/* Begin PBXGroup section */
		23351AFF7DDCA3261609AEC3 /* Models */ = {
			isa = PBXGroup;
			children = (
			);
			name = Models;
			path = Models;
			sourceTree = "<group>";
		};
		23A605872F159B2B005FDE95 = {
			isa = PBXGroup;
			children = (
				23A605922F159B2B005FDE95 /* Grounding Sun */,
				23A605A42F159B2D005FDE95 /* Grounding SunTests */,
				23A605AE2F159B2D005FDE95 /* Grounding SunUITests */,
				23A605912F159B2B005FDE95 /* Products */,
			);
			sourceTree = "<group>";
		};
		23A605912F159B2B005FDE95 /* Products */ = {
			isa = PBXGroup;
			children = (
				23A605902F159B2B005FDE95 /* Grounding Sun.app */,
				23A605A12F159B2D005FDE95 /* Grounding SunTests.xctest */,
				23A605AB2F159B2D005FDE95 /* Grounding SunUITests.xctest */,
			);
			name = Products;
			sourceTree = "<group>";
		};
		23A605922F159B2B005FDE95 /* Grounding Sun */ = {
			isa = PBXGroup;
			children = (
				23A605932F159B2B005FDE95 /* Grounding_SunApp.swift */,
				23A605952F159B2B005FDE95 /* ContentView.swift */,
				23A605972F159B2C005FDE95 /* Assets.xcassets */,
				23A605992F159B2C005FDE95 /* Grounding_Sun.entitlements */,
				23A6059A2F159B2C005FDE95 /* Preview Content */,
				23A605BE2F1FEC03005FDE95 /* AffirmationStore.swift */,
				23A605C02F1FEC48005FDE95 /* NotificationManager.swift */,
				872C6E65BB1B7B480F2C64A4 /* Services */,
				DA8D4A5AFC49397BF42E78BB /* Theme */,
				23351AFF7DDCA3261609AEC3 /* Models */,
			);
			path = "Grounding Sun";
			sourceTree = "<group>";
		};
		23A6059A2F159B2C005FDE95 /* Preview Content */ = {
			isa = PBXGroup;
			children = (
				23A6059B2F159B2C005FDE95 /* Preview Assets.xcassets */,
			);
			path = "Preview Content";
			sourceTree = "<group>";
		};
		23A605A42F159B2D005FDE95 /* Grounding SunTests */ = {
			isa = PBXGroup;
			children = (
				23A605A52F159B2D005FDE95 /* Grounding_SunTests.swift */,
			);
			path = "Grounding SunTests";
			sourceTree = "<group>";
		};
		23A605AE2F159B2D005FDE95 /* Grounding SunUITests */ = {
			isa = PBXGroup;
			children = (
				23A605AF2F159B2D005FDE95 /* Grounding_SunUITests.swift */,
				23A605B12F159B2D005FDE95 /* Grounding_SunUITestsLaunchTests.swift */,
			);
			path = "Grounding SunUITests";
			sourceTree = "<group>";
		};
		872C6E65BB1B7B480F2C64A4 /* Services */ = {
			isa = PBXGroup;
			children = (
				A3A29B05F21FAE9A7E214ED7 /* APIClient.swift */,
				CBD12566D569E53D8A6A9006 /* APIModels.swift */,
				83FEAECA0FA114D2384E7DB3 /* MockAPIClient.swift */,
				19657909A5C6828AF5C03003 /* ProductionAPIClient.swift */,
			);
			name = Services;
			path = Services;
			sourceTree = "<group>";
		};
		DA8D4A5AFC49397BF42E78BB /* Theme */ = {
			isa = PBXGroup;
			children = (
				873734D5C3D29CE1D0E3FC3D /* ThemeManager.swift */,
				6316D7379531667DA696E261 /* AppTheme.swift */,
			);
			name = Theme;
			path = Theme;
			sourceTree = "<group>";
		};
/* End PBXGroup section */

/* Begin PBXNativeTarget section */
		23A6058F2F159B2B005FDE95 /* Grounding Sun */ = {
			isa = PBXNativeTarget;
			buildConfigurationList = 23A605B52F159B2D005FDE95 /* Build configuration list for PBXNativeTarget "Grounding Sun" */;
			buildPhases = (
				23A6058C2F159B2B005FDE95 /* Sources */,
				23A6058D2F159B2B005FDE95 /* Frameworks */,
				23A6058E2F159B2B005FDE95 /* Resources */,
			);
			buildRules = (
			);
			dependencies = (
			);
			name = "Grounding Sun";
			productName = "Grounding Sun";
			productReference = 23A605902F159B2B005FDE95 /* Grounding Sun.app */;
			productType = "com.apple.product-type.application";
		};
		23A605A02F159B2D005FDE95 /* Grounding SunTests */ = {
			isa = PBXNativeTarget;
			buildConfigurationList = 23A605B82F159B2D005FDE95 /* Build configuration list for PBXNativeTarget "Grounding SunTests" */;
			buildPhases = (
				23A6059D2F159B2D005FDE95 /* Sources */,
				23A6059E2F159B2D005FDE95 /* Frameworks */,
				23A6059F2F159B2D005FDE95 /* Resources */,
			);
			buildRules = (
			);
			dependencies = (
				23A605A32F159B2D005FDE95 /* PBXTargetDependency */,
			);
			name = "Grounding SunTests";
			productName = "Grounding SunTests";
			productReference = 23A605A12F159B2D005FDE95 /* Grounding SunTests.xctest */;
			productType = "com.apple.product-type.bundle.unit-test";
		};
		23A605AA2F159B2D005FDE95 /* Grounding SunUITests */ = {
			isa = PBXNativeTarget;
			buildConfigurationList = 23A605BB2F159B2D005FDE95 /* Build configuration list for PBXNativeTarget "Grounding SunUITests" */;
			buildPhases = (
				23A605A72F159B2D005FDE95 /* Sources */,
				23A605A82F159B2D005FDE95 /* Frameworks */,
				23A605A92F159B2D005FDE95 /* Resources */,
			);
			buildRules = (
			);
			dependencies = (
				23A605AD2F159B2D005FDE95 /* PBXTargetDependency */,
			);
			name = "Grounding SunUITests";
			productName = "Grounding SunUITests";
			productReference = 23A605AB2F159B2D005FDE95 /* Grounding SunUITests.xctest */;
			productType = "com.apple.product-type.bundle.ui-testing";
		};
/* End PBXNativeTarget section */

/* Begin PBXProject section */
		23A605882F159B2B005FDE95 /* Project object */ = {
			isa = PBXProject;
			attributes = {
				BuildIndependentTargetsInParallel = 1;
				LastSwiftUpdateCheck = 1540;
				LastUpgradeCheck = 1540;
				TargetAttributes = {
					23A6058F2F159B2B005FDE95 = {
						CreatedOnToolsVersion = 15.4;
					};
					23A605A02F159B2D005FDE95 = {
						CreatedOnToolsVersion = 15.4;
						TestTargetID = 23A6058F2F159B2B005FDE95;
					};
					23A605AA2F159B2D005FDE95 = {
						CreatedOnToolsVersion = 15.4;
						TestTargetID = 23A6058F2F159B2B005FDE95;
					};
				};
			};
			buildConfigurationList = 23A6058B2F159B2B005FDE95 /* Build configuration list for PBXProject "Grounding Sun" */;
			compatibilityVersion = "Xcode 14.0";
			developmentRegion = en;
			hasScannedForEncodings = 0;
			knownRegions = (
				en,
				Base,
			);
			mainGroup = 23A605872F159B2B005FDE95;
			productRefGroup = 23A605912F159B2B005FDE95 /* Products */;
			projectDirPath = "";
			projectRoot = "";
			targets = (
				23A6058F2F159B2B005FDE95 /* Grounding Sun */,
				23A605A02F159B2D005FDE95 /* Grounding SunTests */,
				23A605AA2F159B2D005FDE95 /* Grounding SunUITests */,
			);
		};
/* End PBXProject section */

/* Begin PBXResourcesBuildPhase section */
		23A6058E2F159B2B005FDE95 /* Resources */ = {
			isa = PBXResourcesBuildPhase;
			buildActionMask = 2147483647;
			files = (
				23A6059C2F159B2C005FDE95 /* Preview Assets.xcassets in Resources */,
				23A605982F159B2C005FDE95 /* Assets.xcassets in Resources */,
			);
			runOnlyForDeploymentPostprocessing = 0;
		};
		23A6059F2F159B2D005FDE95 /* Resources */ = {
			isa = PBXResourcesBuildPhase;
			buildActionMask = 2147483647;
			files = (
			);
			runOnlyForDeploymentPostprocessing = 0;
		};
		23A605A92F159B2D005FDE95 /* Resources */ = {
			isa = PBXResourcesBuildPhase;
			buildActionMask = 2147483647;
			files = (
			);
			runOnlyForDeploymentPostprocessing = 0;
		};
/* End PBXResourcesBuildPhase section */

/* Begin PBXSourcesBuildPhase section */
		23A6058C2F159B2B005FDE95 /* Sources */ = {
			isa = PBXSourcesBuildPhase;
			buildActionMask = 2147483647;
			files = (
				23A605962F159B2B005FDE95 /* ContentView.swift in Sources */,
				23A605BF2F1FEC03005FDE95 /* AffirmationStore.swift in Sources */,
				23A605C12F1FEC48005FDE95 /* NotificationManager.swift in Sources */,
				23A605942F159B2B005FDE95 /* Grounding_SunApp.swift in Sources */,
				02265DDFCF7A02A6B5EA0008 /* APIClient.swift in Sources */,
				CAE25C68B3CDA5F3E181EF61 /* APIModels.swift in Sources */,
				03549190C1345FE299C32FC7 /* MockAPIClient.swift in Sources */,
				D1B97F42925F635F315E697E /* ProductionAPIClient.swift in Sources */,
				CA3BF6F2C8EEDFF2E73FB375 /* ThemeManager.swift in Sources */,
				7152181C5021461EBC7DB732 /* AppTheme.swift in Sources */,
			);
			runOnlyForDeploymentPostprocessing = 0;
		};
		23A6059D2F159B2D005FDE95 /* Sources */ = {
			isa = PBXSourcesBuildPhase;
			buildActionMask = 2147483647;
			files = (
				23A605A62F159B2D005FDE95 /* Grounding_SunTests.swift in Sources */,
			);
			runOnlyForDeploymentPostprocessing = 0;
		};
		23A605A72F159B2D005FDE95 /* Sources */ = {
			isa = PBXSourcesBuildPhase;
			buildActionMask = 2147483647;
			files = (
				23A605B02F159B2D005FDE95 /* Grounding_SunUITests.swift in Sources */,
				23A605B22F159B2D005FDE95 /* Grounding_SunUITestsLaunchTests.swift in Sources */,
			);
			runOnlyForDeploymentPostprocessing = 0;
		};
/* End PBXSourcesBuildPhase section */

/* Begin PBXTargetDependency section */
		23A605A32F159B2D005FDE95 /* PBXTargetDependency */ = {
			isa = PBXTargetDependency;
			target = 23A6058F2F159B2B005FDE95 /* Grounding Sun */;
			targetProxy = 23A605A22F159B2D005FDE95 /* PBXContainerItemProxy */;
		};
		23A605AD2F159B2D005FDE95 /* PBXTargetDependency */ = {
			isa = PBXTargetDependency;
			target = 23A6058F2F159B2B005FDE95 /* Grounding Sun */;
			targetProxy = 23A605AC2F159B2D005FDE95 /* PBXContainerItemProxy */;
		};
/* End PBXTargetDependency section */

/* Begin XCBuildConfiguration section */
		23A605B32F159B2D005FDE95 /* Debug */ = {
			isa = XCBuildConfiguration;
			buildSettings = {
				ALWAYS_SEARCH_USER_PATHS = NO;
				ASSETCATALOG_COMPILER_GENERATE_SWIFT_ASSET_SYMBOL_EXTENSIONS = YES;
				CLANG_ANALYZER_NONNULL = YES;
				CLANG_ANALYZER_NUMBER_OBJECT_CONVERSION = YES_AGGRESSIVE;
				CLANG_CXX_LANGUAGE_STANDARD = "gnu++20";
				CLANG_ENABLE_MODULES = YES;
				CLANG_ENABLE_OBJC_ARC = YES;
				CLANG_ENABLE_OBJC_WEAK = YES;
				CLANG_WARN_BLOCK_CAPTURE_AUTORELEASING = YES;
				CLANG_WARN_BOOL_CONVERSION = YES;
				CLANG_WARN_COMMA = YES;
				CLANG_WARN_CONSTANT_CONVERSION = YES;
				CLANG_WARN_DEPRECATED_OBJC_IMPLEMENTATIONS = YES;
				CLANG_WARN_DIRECT_OBJC_ISA_USAGE = YES_ERROR;
				CLANG_WARN_DOCUMENTATION_COMMENTS = YES;
				CLANG_WARN_EMPTY_BODY = YES;
				CLANG_WARN_ENUM_CONVERSION = YES;
				CLANG_WARN_INFINITE_RECURSION = YES;
				CLANG_WARN_INT_CONVERSION = YES;
				CLANG_WARN_NON_LITERAL_NULL_CONVERSION = YES;
				CLANG_WARN_OBJC_IMPLICIT_RETAIN_SELF = YES;
				CLANG_WARN_OBJC_LITERAL_CONVERSION = YES;
				CLANG_WARN_OBJC_ROOT_CLASS = YES_ERROR;
				CLANG_WARN_QUOTED_INCLUDE_IN_FRAMEWORK_HEADER = YES;
				CLANG_WARN_RANGE_LOOP_ANALYSIS = YES;
				CLANG_WARN_STRICT_PROTOTYPES = YES;
				CLANG_WARN_SUSPICIOUS_MOVE = YES;
				CLANG_WARN_UNGUARDED_AVAILABILITY = YES_AGGRESSIVE;
				CLANG_WARN_UNREACHABLE_CODE = YES;
				CLANG_WARN__DUPLICATE_METHOD_MATCH = YES;
				COPY_PHASE_STRIP = NO;
				DEBUG_INFORMATION_FORMAT = dwarf;
				ENABLE_STRICT_OBJC_MSGSEND = YES;
				ENABLE_TESTABILITY = YES;
				ENABLE_USER_SCRIPT_SANDBOXING = YES;
				GCC_C_LANGUAGE_STANDARD = gnu17;
				GCC_DYNAMIC_NO_PIC = NO;
				GCC_NO_COMMON_BLOCKS = YES;
				GCC_OPTIMIZATION_LEVEL = 0;
				GCC_PREPROCESSOR_DEFINITIONS = (
					"DEBUG=1",
					"$(inherited)",
				);
				GCC_WARN_64_TO_32_BIT_CONVERSION = YES;
				GCC_WARN_ABOUT_RETURN_TYPE = YES_ERROR;
				GCC_WARN_UNDECLARED_SELECTOR = YES;
				GCC_WARN_UNINITIALIZED_AUTOS = YES_AGGRESSIVE;
				GCC_WARN_UNUSED_FUNCTION = YES;
				GCC_WARN_UNUSED_VARIABLE = YES;
				LOCALIZATION_PREFERS_STRING_CATALOGS = YES;
				MTL_ENABLE_DEBUG_INFO = INCLUDE_SOURCE;
				MTL_FAST_MATH = YES;
				ONLY_ACTIVE_ARCH = YES;
				SWIFT_ACTIVE_COMPILATION_CONDITIONS = "DEBUG $(inherited)";
				SWIFT_OPTIMIZATION_LEVEL = "-Onone";
			};
			name = Debug;
		};
		23A605B42F159B2D005FDE95 /* Release */ = {
			isa = XCBuildConfiguration;
			buildSettings = {
				ALWAYS_SEARCH_USER_PATHS = NO;
				ASSETCATALOG_COMPILER_GENERATE_SWIFT_ASSET_SYMBOL_EXTENSIONS = YES;
				CLANG_ANALYZER_NONNULL = YES;
				CLANG_ANALYZER_NUMBER_OBJECT_CONVERSION = YES_AGGRESSIVE;
				CLANG_CXX_LANGUAGE_STANDARD = "gnu++20";
				CLANG_ENABLE_MODULES = YES;
				CLANG_ENABLE_OBJC_ARC = YES;
				CLANG_ENABLE_OBJC_WEAK = YES;
				CLANG_WARN_BLOCK_CAPTURE_AUTORELEASING = YES;
				CLANG_WARN_BOOL_CONVERSION = YES;
				CLANG_WARN_COMMA = YES;
				CLANG_WARN_CONSTANT_CONVERSION = YES;
				CLANG_WARN_DEPRECATED_OBJC_IMPLEMENTATIONS = YES;
				CLANG_WARN_DIRECT_OBJC_ISA_USAGE = YES_ERROR;
				CLANG_WARN_DOCUMENTATION_COMMENTS = YES;
				CLANG_WARN_EMPTY_BODY = YES;
				CLANG_WARN_ENUM_CONVERSION = YES;
				CLANG_WARN_INFINITE_RECURSION = YES;
				CLANG_WARN_INT_CONVERSION = YES;
				CLANG_WARN_NON_LITERAL_NULL_CONVERSION = YES;
				CLANG_WARN_OBJC_IMPLICIT_RETAIN_SELF = YES;
				CLANG_WARN_OBJC_LITERAL_CONVERSION = YES;
				CLANG_WARN_OBJC_ROOT_CLASS = YES_ERROR;
				CLANG_WARN_QUOTED_INCLUDE_IN_FRAMEWORK_HEADER = YES;
				CLANG_WARN_RANGE_LOOP_ANALYSIS = YES;
				CLANG_WARN_STRICT_PROTOTYPES = YES;
				CLANG_WARN_SUSPICIOUS_MOVE = YES;
				CLANG_WARN_UNGUARDED_AVAILABILITY = YES_AGGRESSIVE;
				CLANG_WARN_UNREACHABLE_CODE = YES;
				CLANG_WARN__DUPLICATE_METHOD_MATCH = YES;
				COPY_PHASE_STRIP = NO;
				DEBUG_INFORMATION_FORMAT = "dwarf-with-dsym";
				ENABLE_NS_ASSERTIONS = NO;
				ENABLE_STRICT_OBJC_MSGSEND = YES;
				ENABLE_USER_SCRIPT_SANDBOXING = YES;
				GCC_C_LANGUAGE_STANDARD = gnu17;
				GCC_NO_COMMON_BLOCKS = YES;
				GCC_WARN_64_TO_32_BIT_CONVERSION = YES;
				GCC_WARN_ABOUT_RETURN_TYPE = YES_ERROR;
				GCC_WARN_UNDECLARED_SELECTOR = YES;
				GCC_WARN_UNINITIALIZED_AUTOS = YES_AGGRESSIVE;
				GCC_WARN_UNUSED_FUNCTION = YES;
				GCC_WARN_UNUSED_VARIABLE = YES;
				LOCALIZATION_PREFERS_STRING_CATALOGS = YES;
				MTL_ENABLE_DEBUG_INFO = NO;
				MTL_FAST_MATH = YES;
				SWIFT_COMPILATION_MODE = wholemodule;
			};
			name = Release;
		};
		23A605B62F159B2D005FDE95 /* Debug */ = {
			isa = XCBuildConfiguration;
			buildSettings = {
				ASSETCATALOG_COMPILER_APPICON_NAME = AppIcon;
				ASSETCATALOG_COMPILER_GLOBAL_ACCENT_COLOR_NAME = AccentColor;
				CODE_SIGN_ENTITLEMENTS = "Grounding Sun/Grounding_Sun.entitlements";
				CODE_SIGN_STYLE = Automatic;
				CURRENT_PROJECT_VERSION = 1;
				DEVELOPMENT_ASSET_PATHS = "\"Grounding Sun/Preview Content\"";
				ENABLE_PREVIEWS = YES;
				GENERATE_INFOPLIST_FILE = YES;
				"INFOPLIST_KEY_UIApplicationSceneManifest_Generation[sdk=iphoneos*]" = YES;
				"INFOPLIST_KEY_UIApplicationSceneManifest_Generation[sdk=iphonesimulator*]" = YES;
				"INFOPLIST_KEY_UIApplicationSupportsIndirectInputEvents[sdk=iphoneos*]" = YES;
				"INFOPLIST_KEY_UIApplicationSupportsIndirectInputEvents[sdk=iphonesimulator*]" = YES;
				"INFOPLIST_KEY_UILaunchScreen_Generation[sdk=iphoneos*]" = YES;
				"INFOPLIST_KEY_UILaunchScreen_Generation[sdk=iphonesimulator*]" = YES;
				"INFOPLIST_KEY_UIStatusBarStyle[sdk=iphoneos*]" = UIStatusBarStyleDefault;
				"INFOPLIST_KEY_UIStatusBarStyle[sdk=iphonesimulator*]" = UIStatusBarStyleDefault;
				INFOPLIST_KEY_UISupportedInterfaceOrientations_iPad = "UIInterfaceOrientationPortrait UIInterfaceOrientationPortraitUpsideDown UIInterfaceOrientationLandscapeLeft UIInterfaceOrientationLandscapeRight";
				INFOPLIST_KEY_UISupportedInterfaceOrientations_iPhone = "UIInterfaceOrientationPortrait UIInterfaceOrientationLandscapeLeft UIInterfaceOrientationLandscapeRight";
				IPHONEOS_DEPLOYMENT_TARGET = 17.5;
				LD_RUNPATH_SEARCH_PATHS = "@executable_path/Frameworks";
				"LD_RUNPATH_SEARCH_PATHS[sdk=macosx*]" = "@executable_path/../Frameworks";
				MACOSX_DEPLOYMENT_TARGET = 14.3;
				MARKETING_VERSION = 1.0;
				PRODUCT_BUNDLE_IDENTIFIER = "pom.Grounding-Sun";
				PRODUCT_NAME = "$(TARGET_NAME)";
				SDKROOT = auto;
				SUPPORTED_PLATFORMS = "iphoneos iphonesimulator macosx";
				SWIFT_EMIT_LOC_STRINGS = YES;
				SWIFT_VERSION = 5.0;
				TARGETED_DEVICE_FAMILY = "1,2";
			};
			name = Debug;
		};
		23A605B72F159B2D005FDE95 /* Release */ = {
			isa = XCBuildConfiguration;
			buildSettings = {
				ASSETCATALOG_COMPILER_APPICON_NAME = AppIcon;
				ASSETCATALOG_COMPILER_GLOBAL_ACCENT_COLOR_NAME = AccentColor;
				CODE_SIGN_ENTITLEMENTS = "Grounding Sun/Grounding_Sun.entitlements";
				CODE_SIGN_STYLE = Automatic;
				CURRENT_PROJECT_VERSION = 1;
				DEVELOPMENT_ASSET_PATHS = "\"Grounding Sun/Preview Content\"";
				ENABLE_PREVIEWS = YES;
				GENERATE_INFOPLIST_FILE = YES;
				"INFOPLIST_KEY_UIApplicationSceneManifest_Generation[sdk=iphoneos*]" = YES;
				"INFOPLIST_KEY_UIApplicationSceneManifest_Generation[sdk=iphonesimulator*]" = YES;
				"INFOPLIST_KEY_UIApplicationSupportsIndirectInputEvents[sdk=iphoneos*]" = YES;
				"INFOPLIST_KEY_UIApplicationSupportsIndirectInputEvents[sdk=iphonesimulator*]" = YES;
				"INFOPLIST_KEY_UILaunchScreen_Generation[sdk=iphoneos*]" = YES;
				"INFOPLIST_KEY_UILaunchScreen_Generation[sdk=iphonesimulator*]" = YES;
				"INFOPLIST_KEY_UIStatusBarStyle[sdk=iphoneos*]" = UIStatusBarStyleDefault;
				"INFOPLIST_KEY_UIStatusBarStyle[sdk=iphonesimulator*]" = UIStatusBarStyleDefault;
				INFOPLIST_KEY_UISupportedInterfaceOrientations_iPad = "UIInterfaceOrientationPortrait UIInterfaceOrientationPortraitUpsideDown UIInterfaceOrientationLandscapeLeft UIInterfaceOrientationLandscapeRight";
				INFOPLIST_KEY_UISupportedInterfaceOrientations_iPhone = "UIInterfaceOrientationPortrait UIInterfaceOrientationLandscapeLeft UIInterfaceOrientationLandscapeRight";
				IPHONEOS_DEPLOYMENT_TARGET = 17.5;
				LD_RUNPATH_SEARCH_PATHS = "@executable_path/Frameworks";
				"LD_RUNPATH_SEARCH_PATHS[sdk=macosx*]" = "@executable_path/../Frameworks";
				MACOSX_DEPLOYMENT_TARGET = 14.3;
				MARKETING_VERSION = 1.0;
				PRODUCT_BUNDLE_IDENTIFIER = "pom.Grounding-Sun";
				PRODUCT_NAME = "$(TARGET_NAME)";
				SDKROOT = auto;
				SUPPORTED_PLATFORMS = "iphoneos iphonesimulator macosx";
				SWIFT_EMIT_LOC_STRINGS = YES;
				SWIFT_VERSION = 5.0;
				TARGETED_DEVICE_FAMILY = "1,2";
			};
			name = Release;
		};
		23A605B92F159B2D005FDE95 /* Debug */ = {
			isa = XCBuildConfiguration;
			buildSettings = {
				ALWAYS_EMBED_SWIFT_STANDARD_LIBRARIES = YES;
				BUNDLE_LOADER = "$(TEST_HOST)";
				CODE_SIGN_STYLE = Automatic;
				CURRENT_PROJECT_VERSION = 1;
				GENERATE_INFOPLIST_FILE = YES;
				IPHONEOS_DEPLOYMENT_TARGET = 17.5;
				MACOSX_DEPLOYMENT_TARGET = 14.3;
				MARKETING_VERSION = 1.0;
				PRODUCT_BUNDLE_IDENTIFIER = "pom.Grounding-SunTests";
				PRODUCT_NAME = "$(TARGET_NAME)";
				SDKROOT = auto;
				SUPPORTED_PLATFORMS = "iphoneos iphonesimulator macosx";
				SWIFT_EMIT_LOC_STRINGS = NO;
				SWIFT_VERSION = 5.0;
				TARGETED_DEVICE_FAMILY = "1,2";
				TEST_HOST = "$(BUILT_PRODUCTS_DIR)/Grounding Sun.app/$(BUNDLE_EXECUTABLE_FOLDER_PATH)/Grounding Sun";
			};
			name = Debug;
		};
		23A605BA2F159B2D005FDE95 /* Release */ = {
			isa = XCBuildConfiguration;
			buildSettings = {
				ALWAYS_EMBED_SWIFT_STANDARD_LIBRARIES = YES;
				BUNDLE_LOADER = "$(TEST_HOST)";
				CODE_SIGN_STYLE = Automatic;
				CURRENT_PROJECT_VERSION = 1;
				GENERATE_INFOPLIST_FILE = YES;
				IPHONEOS_DEPLOYMENT_TARGET = 17.5;
				MACOSX_DEPLOYMENT_TARGET = 14.3;
				MARKETING_VERSION = 1.0;
				PRODUCT_BUNDLE_IDENTIFIER = "pom.Grounding-SunTests";
				PRODUCT_NAME = "$(TARGET_NAME)";
				SDKROOT = auto;
				SUPPORTED_PLATFORMS = "iphoneos iphonesimulator macosx";
				SWIFT_EMIT_LOC_STRINGS = NO;
				SWIFT_VERSION = 5.0;
				TARGETED_DEVICE_FAMILY = "1,2";
				TEST_HOST = "$(BUILT_PRODUCTS_DIR)/Grounding Sun.app/$(BUNDLE_EXECUTABLE_FOLDER_PATH)/Grounding Sun";
			};
			name = Release;
		};
		23A605BC2F159B2D005FDE95 /* Debug */ = {
			isa = XCBuildConfiguration;
			buildSettings = {
				ALWAYS_EMBED_SWIFT_STANDARD_LIBRARIES = YES;
				CODE_SIGN_STYLE = Automatic;
				CURRENT_PROJECT_VERSION = 1;
				GENERATE_INFOPLIST_FILE = YES;
				IPHONEOS_DEPLOYMENT_TARGET = 17.5;
				MACOSX_DEPLOYMENT_TARGET = 14.3;
				MARKETING_VERSION = 1.0;
				PRODUCT_BUNDLE_IDENTIFIER = "pom.Grounding-SunUITests";
				PRODUCT_NAME = "$(TARGET_NAME)";
				SDKROOT = auto;
				SUPPORTED_PLATFORMS = "iphoneos iphonesimulator macosx";
				SWIFT_EMIT_LOC_STRINGS = NO;
				SWIFT_VERSION = 5.0;
				TARGETED_DEVICE_FAMILY = "1,2";
				TEST_TARGET_NAME = "Grounding Sun";
			};
			name = Debug;
		};
		23A605BD2F159B2D005FDE95 /* Release */ = {
			isa = XCBuildConfiguration;
			buildSettings = {
				ALWAYS_EMBED_SWIFT_STANDARD_LIBRARIES = YES;
				CODE_SIGN_STYLE = Automatic;
				CURRENT_PROJECT_VERSION = 1;
				GENERATE_INFOPLIST_FILE = YES;
				IPHONEOS_DEPLOYMENT_TARGET = 17.5;
				MACOSX_DEPLOYMENT_TARGET = 14.3;
				MARKETING_VERSION = 1.0;
				PRODUCT_BUNDLE_IDENTIFIER = "pom.Grounding-SunUITests";
				PRODUCT_NAME = "$(TARGET_NAME)";
				SDKROOT = auto;
				SUPPORTED_PLATFORMS = "iphoneos iphonesimulator macosx";
				SWIFT_EMIT_LOC_STRINGS = NO;
				SWIFT_VERSION = 5.0;
				TARGETED_DEVICE_FAMILY = "1,2";
				TEST_TARGET_NAME = "Grounding Sun";
			};
			name = Release;
		};
/* End XCBuildConfiguration section */

/* Begin XCConfigurationList section */
		23A6058B2F159B2B005FDE95 /* Build configuration list for PBXProject "Grounding Sun" */ = {
			isa = XCConfigurationList;
			buildConfigurations = (
				23A605B32F159B2D005FDE95 /* Debug */,
				23A605B42F159B2D005FDE95 /* Release */,
			);
			defaultConfigurationIsVisible = 0;
			defaultConfigurationName = Release;
		};
		23A605B52F159B2D005FDE95 /* Build configuration list for PBXNativeTarget "Grounding Sun" */ = {
			isa = XCConfigurationList;
			buildConfigurations = (
				23A605B62F159B2D005FDE95 /* Debug */,
				23A605B72F159B2D005FDE95 /* Release */,
			);
			defaultConfigurationIsVisible = 0;
			defaultConfigurationName = Release;
		};
		23A605B82F159B2D005FDE95 /* Build configuration list for PBXNativeTarget "Grounding SunTests" */ = {
			isa = XCConfigurationList;
			buildConfigurations = (
				23A605B92F159B2D005FDE95 /* Debug */,
				23A605BA2F159B2D005FDE95 /* Release */,
			);
			defaultConfigurationIsVisible = 0;
			defaultConfigurationName = Release;
		};
		23A605BB2F159B2D005FDE95 /* Build configuration list for PBXNativeTarget "Grounding SunUITests" */ = {
			isa = XCConfigurationList;
			buildConfigurations = (
				23A605BC2F159B2D005FDE95 /* Debug */,
				23A605BD2F159B2D005FDE95 /* Release */,
			);
			defaultConfigurationIsVisible = 0;
			defaultConfigurationName = Release;
		};
/* End XCConfigurationList section */
	};
	rootObject = 23A605882F159B2B005FDE95 /* Project object */;
}
